
Microsoft Visual Studio Solution File, Format Version 12.00
# Visual Studio Version 17
VisualStudioVersion = 17.11.35327.3
MinimumVisualStudioVersion = 10.0.40219.1
Project("{2150E333-8FDC-42A3-9474-1A3956D46DE8}") = "BuildingBlocks", "BuildingBlocks", "{6ACB91D4-720A-47B2-B8CB-C2D96156EED5}"
EndProject
Project("{9A19103F-16F7-4668-BE54-9A1E7A4F7556}") = "BuildingBlocks", "BuildingBlocks\BuildingBlocks\BuildingBlocks.csproj", "{C5CDDA2F-1592-4FC0-AE62-A2A12AD2A31D}"
EndProject
Project("{2150E333-8FDC-42A3-9474-1A3956D46DE8}") = "Services", "Services", "{CC89BBBC-A07A-4134-AC75-4B758A6366A6}"
EndProject
Project("{2150E333-8FDC-42A3-9474-1A3956D46DE8}") = "Basket", "Basket", "{033D1AE8-3C12-49E6-B079-07A2F2B19FA4}"
EndProject
Project("{9A19103F-16F7-4668-BE54-9A1E7A4F7556}") = "Basket.API", "Services\Basket\Basket.API\Basket.API.csproj", "{5D8F6680-B8BC-43E9-BC03-64AB8DE2400E}"
EndProject
Project("{2150E333-8FDC-42A3-9474-1A3956D46DE8}") = "Catalog", "Catalog", "{33734336-DD30-4EE3-B45B-43DBEA6EC2BD}"
EndProject
Project("{9A19103F-16F7-4668-BE54-9A1E7A4F7556}") = "Catalog.API", "Services\Catalog\Catalog.API\Catalog.API.csproj", "{608CD8C7-445E-4AA3-AE66-B70A9B4CC1D4}"
EndProject
Project("{E53339B2-1760-4266-BCC7-CA923CBCF16C}") = "docker-compose", "docker-compose.dcproj", "{CACF462B-0809-4994-8F19-736510684D29}"
EndProject
Project("{2150E333-8FDC-42A3-9474-1A3956D46DE8}") = "Discount", "Discount", "{DAA50A43-C1A1-457C-A2EF-57B879A694FB}"
EndProject
Project("{FAE04EC0-301F-11D3-BF4B-00C04F79EFBC}") = "Discount.Grpc", "Services\Discount\Discount.Grpc\Discount.Grpc.csproj", "{7854B838-6891-40FD-80B6-B66CB1DE78CE}"
EndProject
Global
	GlobalSection(SolutionConfigurationPlatforms) = preSolution
		Debug|Any CPU = Debug|Any CPU
		Release|Any CPU = Release|Any CPU
	EndGlobalSection
	GlobalSection(ProjectConfigurationPlatforms) = postSolution
		{C5CDDA2F-1592-4FC0-AE62-A2A12AD2A31D}.Debug|Any CPU.ActiveCfg = Debug|Any CPU
		{C5CDDA2F-1592-4FC0-AE62-A2A12AD2A31D}.Debug|Any CPU.Build.0 = Debug|Any CPU
		{C5CDDA2F-1592-4FC0-AE62-A2A12AD2A31D}.Release|Any CPU.ActiveCfg = Release|Any CPU
		{C5CDDA2F-1592-4FC0-AE62-A2A12AD2A31D}.Release|Any CPU.Build.0 = Release|Any CPU
		{5D8F6680-B8BC-43E9-BC03-64AB8DE2400E}.Debug|Any CPU.ActiveCfg = Debug|Any CPU
		{5D8F6680-B8BC-43E9-BC03-64AB8DE2400E}.Debug|Any CPU.Build.0 = Debug|Any CPU
		{5D8F6680-B8BC-43E9-BC03-64AB8DE2400E}.Release|Any CPU.ActiveCfg = Release|Any CPU
		{5D8F6680-B8BC-43E9-BC03-64AB8DE2400E}.Release|Any CPU.Build.0 = Release|Any CPU
		{608CD8C7-445E-4AA3-AE66-B70A9B4CC1D4}.Debug|Any CPU.ActiveCfg = Debug|Any CPU
		{608CD8C7-445E-4AA3-AE66-B70A9B4CC1D4}.Debug|Any CPU.Build.0 = Debug|Any CPU
		{608CD8C7-445E-4AA3-AE66-B70A9B4CC1D4}.Release|Any CPU.ActiveCfg = Release|Any CPU
		{608CD8C7-445E-4AA3-AE66-B70A9B4CC1D4}.Release|Any CPU.Build.0 = Release|Any CPU
		{CACF462B-0809-4994-8F19-736510684D29}.Debug|Any CPU.ActiveCfg = Debug|Any CPU
		{CACF462B-0809-4994-8F19-736510684D29}.Debug|Any CPU.Build.0 = Debug|Any CPU
		{CACF462B-0809-4994-8F19-736510684D29}.Release|Any CPU.ActiveCfg = Release|Any CPU
		{CACF462B-0809-4994-8F19-736510684D29}.Release|Any CPU.Build.0 = Release|Any CPU
		{7854B838-6891-40FD-80B6-B66CB1DE78CE}.Debug|Any CPU.ActiveCfg = Debug|Any CPU
		{7854B838-6891-40FD-80B6-B66CB1DE78CE}.Debug|Any CPU.Build.0 = Debug|Any CPU
		{7854B838-6891-40FD-80B6-B66CB1DE78CE}.Release|Any CPU.ActiveCfg = Release|Any CPU
		{7854B838-6891-40FD-80B6-B66CB1DE78CE}.Release|Any CPU.Build.0 = Release|Any CPU
	EndGlobalSection
	GlobalSection(SolutionProperties) = preSolution
		HideSolutionNode = FALSE
	EndGlobalSection
	GlobalSection(NestedProjects) = preSolution
		{C5CDDA2F-1592-4FC0-AE62-A2A12AD2A31D} = {6ACB91D4-720A-47B2-B8CB-C2D96156EED5}
		{033D1AE8-3C12-49E6-B079-07A2F2B19FA4} = {CC89BBBC-A07A-4134-AC75-4B758A6366A6}
		{5D8F6680-B8BC-43E9-BC03-64AB8DE2400E} = {033D1AE8-3C12-49E6-B079-07A2F2B19FA4}
		{33734336-DD30-4EE3-B45B-43DBEA6EC2BD} = {CC89BBBC-A07A-4134-AC75-4B758A6366A6}
		{608CD8C7-445E-4AA3-AE66-B70A9B4CC1D4} = {33734336-DD30-4EE3-B45B-43DBEA6EC2BD}
		{DAA50A43-C1A1-457C-A2EF-57B879A694FB} = {CC89BBBC-A07A-4134-AC75-4B758A6366A6}
		{7854B838-6891-40FD-80B6-B66CB1DE78CE} = {DAA50A43-C1A1-457C-A2EF-57B879A694FB}
	EndGlobalSection
	GlobalSection(ExtensibilityGlobals) = postSolution
		SolutionGuid = {435F3823-2EDD-4083-BAC7-B2DBA5B42560}
	EndGlobalSection
EndGlobal
