
Microsoft Visual Studio Solution File, Format Version 12.00
# Visual Studio Version 17
VisualStudioVersion = 17.11.35327.3
MinimumVisualStudioVersion = 10.0.40219.1
Project("{9A19103F-16F7-4668-BE54-9A1E7A4F7556}") = "Catalog.API", "Services\Catalog\Catalog.API\Catalog.API.csproj", "{3FFFC766-9FB0-4476-A6EC-71FFC651BD81}"
EndProject
Project("{2150E333-8FDC-42A3-9474-1A3956D46DE8}") = "BuildingBlocks", "BuildingBlocks", "{721364A9-0A69-47BE-921F-B3F118687CC8}"
EndProject
Project("{FAE04EC0-301F-11D3-BF4B-00C04F79EFBC}") = "BuildingBlocks", "BuildingBlocks\BuildingBlocks\BuildingBlocks.csproj", "{17E1AD54-DB93-4687-8D23-DD25D6D8AAB9}"
EndProject
Global
	GlobalSection(SolutionConfigurationPlatforms) = preSolution
		Debug|Any CPU = Debug|Any CPU
		Release|Any CPU = Release|Any CPU
	EndGlobalSection
	GlobalSection(ProjectConfigurationPlatforms) = postSolution
		{3FFFC766-9FB0-4476-A6EC-71FFC651BD81}.Debug|Any CPU.ActiveCfg = Debug|Any CPU
		{3FFFC766-9FB0-4476-A6EC-71FFC651BD81}.Debug|Any CPU.Build.0 = Debug|Any CPU
		{3FFFC766-9FB0-4476-A6EC-71FFC651BD81}.Release|Any CPU.ActiveCfg = Release|Any CPU
		{3FFFC766-9FB0-4476-A6EC-71FFC651BD81}.Release|Any CPU.Build.0 = Release|Any CPU
		{17E1AD54-DB93-4687-8D23-DD25D6D8AAB9}.Debug|Any CPU.ActiveCfg = Debug|Any CPU
		{17E1AD54-DB93-4687-8D23-DD25D6D8AAB9}.Debug|Any CPU.Build.0 = Debug|Any CPU
		{17E1AD54-DB93-4687-8D23-DD25D6D8AAB9}.Release|Any CPU.ActiveCfg = Release|Any CPU
		{17E1AD54-DB93-4687-8D23-DD25D6D8AAB9}.Release|Any CPU.Build.0 = Release|Any CPU
	EndGlobalSection
	GlobalSection(SolutionProperties) = preSolution
		HideSolutionNode = FALSE
	EndGlobalSection
	GlobalSection(NestedProjects) = preSolution
		{17E1AD54-DB93-4687-8D23-DD25D6D8AAB9} = {721364A9-0A69-47BE-921F-B3F118687CC8}
	EndGlobalSection
	GlobalSection(ExtensibilityGlobals) = postSolution
		SolutionGuid = {435F3823-2EDD-4083-BAC7-B2DBA5B42560}
	EndGlobalSection
EndGlobal
